// !$*UTF8*$!
{
	archiveVersion = 1;
	classes = {
	};
	objectVersion = 55;
	objects = {

/* Begin PBXBuildFile section */
		F6E2EF07276C59B000FF9671 /* main.cpp in Sources */ = {isa = PBXBuildFile; fileRef = F6E2EF06276C59B000FF9671 /* main.cpp */; };
		F6E2EF0F276C5B4F00FF9671 /* libglfw.3.3.dylib in Frameworks */ = {isa = PBXBuildFile; fileRef = F6E2EF0E276C5B4F00FF9671 /* libglfw.3.3.dylib */; };
		F6E2EF12276C5B9B00FF9671 /* libvulkan.1.2.198.dylib in Frameworks */ = {isa = PBXBuildFile; fileRef = F6E2EF10276C5B9B00FF9671 /* libvulkan.1.2.198.dylib */; };
		F6E2EF13276C5B9B00FF9671 /* libvulkan.1.dylib in Frameworks */ = {isa = PBXBuildFile; fileRef = F6E2EF11276C5B9B00FF9671 /* libvulkan.1.dylib */; };
		F6E2EF15276C5BFE00FF9671 /* libglfw.3.3.dylib in CopyFiles */ = {isa = PBXBuildFile; fileRef = F6E2EF14276C5BFE00FF9671 /* libglfw.3.3.dylib */; settings = {ATTRIBUTES = (CodeSignOnCopy, ); }; };
		F6E2EF18276C5C0700FF9671 /* libvulkan.1.2.198.dylib in CopyFiles */ = {isa = PBXBuildFile; fileRef = F6E2EF16276C5C0700FF9671 /* libvulkan.1.2.198.dylib */; settings = {ATTRIBUTES = (CodeSignOnCopy, ); }; };
		F6E2EF19276C5C0700FF9671 /* libvulkan.1.dylib in CopyFiles */ = {isa = PBXBuildFile; fileRef = F6E2EF17276C5C0700FF9671 /* libvulkan.1.dylib */; settings = {ATTRIBUTES = (CodeSignOnCopy, ); }; };
/* End PBXBuildFile section */

/* Begin PBXCopyFilesBuildPhase section */
		F6E2EF01276C59B000FF9671 /* CopyFiles */ = {
			isa = PBXCopyFilesBuildPhase;
			buildActionMask = 12;
			dstPath = "";
			dstSubfolderSpec = 10;
			files = (
				F6E2EF15276C5BFE00FF9671 /* libglfw.3.3.dylib in CopyFiles */,
				F6E2EF18276C5C0700FF9671 /* libvulkan.1.2.198.dylib in CopyFiles */,
				F6E2EF19276C5C0700FF9671 /* libvulkan.1.dylib in CopyFiles */,
			);
			runOnlyForDeploymentPostprocessing = 0;
		};
/* End PBXCopyFilesBuildPhase section */

/* Begin PBXFileReference section */
		F6E2EF03276C59B000FF9671 /* VulkanTesting */ = {isa = PBXFileReference; explicitFileType = "compiled.mach-o.executable"; includeInIndex = 0; path = VulkanTesting; sourceTree = BUILT_PRODUCTS_DIR; };
		F6E2EF06276C59B000FF9671 /* main.cpp */ = {isa = PBXFileReference; lastKnownFileType = sourcecode.cpp.cpp; path = main.cpp; sourceTree = "<group>"; };
		F6E2EF0E276C5B4F00FF9671 /* libglfw.3.3.dylib */ = {isa = PBXFileReference; lastKnownFileType = "compiled.mach-o.dylib"; name = libglfw.3.3.dylib; path = ../../../../../usr/local/lib/libglfw.3.3.dylib; sourceTree = "<group>"; };
		F6E2EF10276C5B9B00FF9671 /* libvulkan.1.2.198.dylib */ = {isa = PBXFileReference; lastKnownFileType = "compiled.mach-o.dylib"; name = libvulkan.1.2.198.dylib; path = ../../VulkanSDK/1.2.198.1/macOS/lib/libvulkan.1.2.198.dylib; sourceTree = "<group>"; };
		F6E2EF11276C5B9B00FF9671 /* libvulkan.1.dylib */ = {isa = PBXFileReference; lastKnownFileType = "compiled.mach-o.dylib"; name = libvulkan.1.dylib; path = ../../VulkanSDK/1.2.198.1/macOS/lib/libvulkan.1.dylib; sourceTree = "<group>"; };
		F6E2EF14276C5BFE00FF9671 /* libglfw.3.3.dylib */ = {isa = PBXFileReference; lastKnownFileType = "compiled.mach-o.dylib"; name = libglfw.3.3.dylib; path = ../../../../../usr/local/lib/libglfw.3.3.dylib; sourceTree = "<group>"; };
		F6E2EF16276C5C0700FF9671 /* libvulkan.1.2.198.dylib */ = {isa = PBXFileReference; lastKnownFileType = "compiled.mach-o.dylib"; name = libvulkan.1.2.198.dylib; path = ../../VulkanSDK/1.2.198.1/macOS/lib/libvulkan.1.2.198.dylib; sourceTree = "<group>"; };
		F6E2EF17276C5C0700FF9671 /* libvulkan.1.dylib */ = {isa = PBXFileReference; lastKnownFileType = "compiled.mach-o.dylib"; name = libvulkan.1.dylib; path = ../../VulkanSDK/1.2.198.1/macOS/lib/libvulkan.1.dylib; sourceTree = "<group>"; };
/* End PBXFileReference section */

/* Begin PBXFrameworksBuildPhase section */
		F6E2EF00276C59B000FF9671 /* Frameworks */ = {
			isa = PBXFrameworksBuildPhase;
			buildActionMask = 2147483647;
			files = (
				F6E2EF0F276C5B4F00FF9671 /* libglfw.3.3.dylib in Frameworks */,
				F6E2EF12276C5B9B00FF9671 /* libvulkan.1.2.198.dylib in Frameworks */,
				F6E2EF13276C5B9B00FF9671 /* libvulkan.1.dylib in Frameworks */,
			);
			runOnlyForDeploymentPostprocessing = 0;
		};
/* End PBXFrameworksBuildPhase section */

/* Begin PBXGroup section */
		F6E2EEFA276C59B000FF9671 = {
			isa = PBXGroup;
			children = (
				F6E2EF16276C5C0700FF9671 /* libvulkan.1.2.198.dylib */,
				F6E2EF17276C5C0700FF9671 /* libvulkan.1.dylib */,
				F6E2EF14276C5BFE00FF9671 /* libglfw.3.3.dylib */,
				F6E2EF05276C59B000FF9671 /* VulkanTesting */,
				F6E2EF04276C59B000FF9671 /* Products */,
				F6E2EF0D276C5B4F00FF9671 /* Frameworks */,
			);
			sourceTree = "<group>";
		};
		F6E2EF04276C59B000FF9671 /* Products */ = {
			isa = PBXGroup;
			children = (
				F6E2EF03276C59B000FF9671 /* VulkanTesting */,
			);
			name = Products;
			sourceTree = "<group>";
		};
		F6E2EF05276C59B000FF9671 /* VulkanTesting */ = {
			isa = PBXGroup;
			children = (
				F6E2EF06276C59B000FF9671 /* main.cpp */,
			);
			path = VulkanTesting;
			sourceTree = "<group>";
		};
		F6E2EF0D276C5B4F00FF9671 /* Frameworks */ = {
			isa = PBXGroup;
			children = (
				F6E2EF10276C5B9B00FF9671 /* libvulkan.1.2.198.dylib */,
				F6E2EF11276C5B9B00FF9671 /* libvulkan.1.dylib */,
				F6E2EF0E276C5B4F00FF9671 /* libglfw.3.3.dylib */,
			);
			name = Frameworks;
			sourceTree = "<group>";
		};
/* End PBXGroup section */

/* Begin PBXNativeTarget section */
		F6E2EF02276C59B000FF9671 /* VulkanTesting */ = {
			isa = PBXNativeTarget;
			buildConfigurationList = F6E2EF0A276C59B000FF9671 /* Build configuration list for PBXNativeTarget "VulkanTesting" */;
			buildPhases = (
				F6E2EEFF276C59B000FF9671 /* Sources */,
				F6E2EF00276C59B000FF9671 /* Frameworks */,
				F6E2EF01276C59B000FF9671 /* CopyFiles */,
			);
			buildRules = (
			);
			dependencies = (
			);
			name = VulkanTesting;
			productName = VulkanTesting;
			productReference = F6E2EF03276C59B000FF9671 /* VulkanTesting */;
			productType = "com.apple.product-type.tool";
		};
/* End PBXNativeTarget section */

/* Begin PBXProject section */
		F6E2EEFB276C59B000FF9671 /* Project object */ = {
			isa = PBXProject;
			attributes = {
				BuildIndependentTargetsInParallel = 1;
				LastUpgradeCheck = 1320;
				TargetAttributes = {
					F6E2EF02276C59B000FF9671 = {
						CreatedOnToolsVersion = 13.2;
					};
				};
			};
			buildConfigurationList = F6E2EEFE276C59B000FF9671 /* Build configuration list for PBXProject "VulkanTesting" */;
			compatibilityVersion = "Xcode 13.0";
			developmentRegion = en;
			hasScannedForEncodings = 0;
			knownRegions = (
				en,
				Base,
			);
			mainGroup = F6E2EEFA276C59B000FF9671;
			productRefGroup = F6E2EF04276C59B000FF9671 /* Products */;
			projectDirPath = "";
			projectRoot = "";
			targets = (
				F6E2EF02276C59B000FF9671 /* VulkanTesting */,
			);
		};
/* End PBXProject section */

/* Begin PBXSourcesBuildPhase section */
		F6E2EEFF276C59B000FF9671 /* Sources */ = {
			isa = PBXSourcesBuildPhase;
			buildActionMask = 2147483647;
			files = (
				F6E2EF07276C59B000FF9671 /* main.cpp in Sources */,
			);
			runOnlyForDeploymentPostprocessing = 0;
		};
/* End PBXSourcesBuildPhase section */

/* Begin XCBuildConfiguration section */
		F6E2EF08276C59B000FF9671 /* Debug */ = {
			isa = XCBuildConfiguration;
			buildSettings = {
				ALWAYS_SEARCH_USER_PATHS = NO;
				CLANG_ANALYZER_NONNULL = YES;
				CLANG_ANALYZER_NUMBER_OBJECT_CONVERSION = YES_AGGRESSIVE;
				CLANG_CXX_LANGUAGE_STANDARD = "gnu++17";
				CLANG_CXX_LIBRARY = "libc++";
				CLANG_ENABLE_MODULES = YES;
				CLANG_ENABLE_OBJC_ARC = YES;
				CLANG_ENABLE_OBJC_WEAK = YES;
				CLANG_WARN_BLOCK_CAPTURE_AUTORELEASING = YES;
				CLANG_WARN_BOOL_CONVERSION = YES;
				CLANG_WARN_COMMA = YES;
				CLANG_WARN_CONSTANT_CONVERSION = YES;
				CLANG_WARN_DEPRECATED_OBJC_IMPLEMENTATIONS = YES;
				CLANG_WARN_DIRECT_OBJC_ISA_USAGE = YES_ERROR;
				CLANG_WARN_DOCUMENTATION_COMMENTS = YES;
				CLANG_WARN_EMPTY_BODY = YES;
				CLANG_WARN_ENUM_CONVERSION = YES;
				CLANG_WARN_INFINITE_RECURSION = YES;
				CLANG_WARN_INT_CONVERSION = YES;
				CLANG_WARN_NON_LITERAL_NULL_CONVERSION = YES;
				CLANG_WARN_OBJC_IMPLICIT_RETAIN_SELF = YES;
				CLANG_WARN_OBJC_LITERAL_CONVERSION = YES;
				CLANG_WARN_OBJC_ROOT_CLASS = YES_ERROR;
				CLANG_WARN_QUOTED_INCLUDE_IN_FRAMEWORK_HEADER = YES;
				CLANG_WARN_RANGE_LOOP_ANALYSIS = YES;
				CLANG_WARN_STRICT_PROTOTYPES = YES;
				CLANG_WARN_SUSPICIOUS_MOVE = YES;
				CLANG_WARN_UNGUARDED_AVAILABILITY = YES_AGGRESSIVE;
				CLANG_WARN_UNREACHABLE_CODE = YES;
				CLANG_WARN__DUPLICATE_METHOD_MATCH = YES;
				COPY_PHASE_STRIP = NO;
				DEBUG_INFORMATION_FORMAT = dwarf;
				ENABLE_STRICT_OBJC_MSGSEND = YES;
				ENABLE_TESTABILITY = YES;
				GCC_C_LANGUAGE_STANDARD = gnu11;
				GCC_DYNAMIC_NO_PIC = NO;
				GCC_NO_COMMON_BLOCKS = YES;
				GCC_OPTIMIZATION_LEVEL = 0;
				GCC_PREPROCESSOR_DEFINITIONS = (
					"DEBUG=1",
					"$(inherited)",
				);
				GCC_WARN_64_TO_32_BIT_CONVERSION = YES;
				GCC_WARN_ABOUT_RETURN_TYPE = YES_ERROR;
				GCC_WARN_UNDECLARED_SELECTOR = YES;
				GCC_WARN_UNINITIALIZED_AUTOS = YES_AGGRESSIVE;
				GCC_WARN_UNUSED_FUNCTION = YES;
				GCC_WARN_UNUSED_VARIABLE = YES;
				MACOSX_DEPLOYMENT_TARGET = 12.1;
				MTL_ENABLE_DEBUG_INFO = INCLUDE_SOURCE;
				MTL_FAST_MATH = YES;
				ONLY_ACTIVE_ARCH = YES;
				SDKROOT = macosx;
			};
			name = Debug;
		};
		F6E2EF09276C59B000FF9671 /* Release */ = {
			isa = XCBuildConfiguration;
			buildSettings = {
				ALWAYS_SEARCH_USER_PATHS = NO;
				CLANG_ANALYZER_NONNULL = YES;
				CLANG_ANALYZER_NUMBER_OBJECT_CONVERSION = YES_AGGRESSIVE;
				CLANG_CXX_LANGUAGE_STANDARD = "gnu++17";
				CLANG_CXX_LIBRARY = "libc++";
				CLANG_ENABLE_MODULES = YES;
				CLANG_ENABLE_OBJC_ARC = YES;
				CLANG_ENABLE_OBJC_WEAK = YES;
				CLANG_WARN_BLOCK_CAPTURE_AUTORELEASING = YES;
				CLANG_WARN_BOOL_CONVERSION = YES;
				CLANG_WARN_COMMA = YES;
				CLANG_WARN_CONSTANT_CONVERSION = YES;
				CLANG_WARN_DEPRECATED_OBJC_IMPLEMENTATIONS = YES;
				CLANG_WARN_DIRECT_OBJC_ISA_USAGE = YES_ERROR;
				CLANG_WARN_DOCUMENTATION_COMMENTS = YES;
				CLANG_WARN_EMPTY_BODY = YES;
				CLANG_WARN_ENUM_CONVERSION = YES;
				CLANG_WARN_INFINITE_RECURSION = YES;
				CLANG_WARN_INT_CONVERSION = YES;
				CLANG_WARN_NON_LITERAL_NULL_CONVERSION = YES;
				CLANG_WARN_OBJC_IMPLICIT_RETAIN_SELF = YES;
				CLANG_WARN_OBJC_LITERAL_CONVERSION = YES;
				CLANG_WARN_OBJC_ROOT_CLASS = YES_ERROR;
				CLANG_WARN_QUOTED_INCLUDE_IN_FRAMEWORK_HEADER = YES;
				CLANG_WARN_RANGE_LOOP_ANALYSIS = YES;
				CLANG_WARN_STRICT_PROTOTYPES = YES;
				CLANG_WARN_SUSPICIOUS_MOVE = YES;
				CLANG_WARN_UNGUARDED_AVAILABILITY = YES_AGGRESSIVE;
				CLANG_WARN_UNREACHABLE_CODE = YES;
				CLANG_WARN__DUPLICATE_METHOD_MATCH = YES;
				COPY_PHASE_STRIP = NO;
				DEBUG_INFORMATION_FORMAT = "dwarf-with-dsym";
				ENABLE_NS_ASSERTIONS = NO;
				ENABLE_STRICT_OBJC_MSGSEND = YES;
				GCC_C_LANGUAGE_STANDARD = gnu11;
				GCC_NO_COMMON_BLOCKS = YES;
				GCC_WARN_64_TO_32_BIT_CONVERSION = YES;
				GCC_WARN_ABOUT_RETURN_TYPE = YES_ERROR;
				GCC_WARN_UNDECLARED_SELECTOR = YES;
				GCC_WARN_UNINITIALIZED_AUTOS = YES_AGGRESSIVE;
				GCC_WARN_UNUSED_FUNCTION = YES;
				GCC_WARN_UNUSED_VARIABLE = YES;
				MACOSX_DEPLOYMENT_TARGET = 12.1;
				MTL_ENABLE_DEBUG_INFO = NO;
				MTL_FAST_MATH = YES;
				SDKROOT = macosx;
			};
			name = Release;
		};
		F6E2EF0B276C59B000FF9671 /* Debug */ = {
			isa = XCBuildConfiguration;
			buildSettings = {
				CODE_SIGN_STYLE = Automatic;
				HEADER_SEARCH_PATHS = (
					/usr/local/include,
					/Users/Lewis/Codes/VulkanSDK/1.2.198.1/macOS/include,
				);
				LIBRARY_SEARCH_PATHS = (
					/usr/local/lib,
					/Users/Lewis/Codes/VulkanSDK/1.2.198.1/macOS/lib,
				);
				PRODUCT_NAME = "$(TARGET_NAME)";
			};
			name = Debug;
		};
		F6E2EF0C276C59B000FF9671 /* Release */ = {
			isa = XCBuildConfiguration;
			buildSettings = {
				CODE_SIGN_STYLE = Automatic;
				HEADER_SEARCH_PATHS = (
					/usr/local/include,
					/Users/Lewis/Codes/VulkanSDK/1.2.198.1/macOS/include,
				);
				LIBRARY_SEARCH_PATHS = (
					/usr/local/lib,
					/Users/Lewis/Codes/VulkanSDK/1.2.198.1/macOS/lib,
				);
				PRODUCT_NAME = "$(TARGET_NAME)";
			};
			name = Release;
		};
/* End XCBuildConfiguration section */

/* Begin XCConfigurationList section */
		F6E2EEFE276C59B000FF9671 /* Build configuration list for PBXProject "VulkanTesting" */ = {
			isa = XCConfigurationList;
			buildConfigurations = (
				F6E2EF08276C59B000FF9671 /* Debug */,
				F6E2EF09276C59B000FF9671 /* Release */,
			);
			defaultConfigurationIsVisible = 0;
			defaultConfigurationName = Release;
		};
		F6E2EF0A276C59B000FF9671 /* Build configuration list for PBXNativeTarget "VulkanTesting" */ = {
			isa = XCConfigurationList;
			buildConfigurations = (
				F6E2EF0B276C59B000FF9671 /* Debug */,
				F6E2EF0C276C59B000FF9671 /* Release */,
			);
			defaultConfigurationIsVisible = 0;
			defaultConfigurationName = Release;
		};
/* End XCConfigurationList section */
	};
	rootObject = F6E2EEFB276C59B000FF9671 /* Project object */;
}
